
Microsoft Visual Studio Solution File, Format Version 12.00
Project("{FAE04EC0-301F-11D3-BF4B-00C04F79EFBC}") = "Blazor.Ionic", "Blazor.Ionic\Blazor.Ionic.csproj", "{23B55EDE-3FEF-4A22-87FD-6827644A95E4}"
EndProject
Global
	GlobalSection(SolutionConfigurationPlatforms) = preSolution
		Debug|Any CPU = Debug|Any CPU
		Release|Any CPU = Release|Any CPU
	EndGlobalSection
	GlobalSection(ProjectConfigurationPlatforms) = postSolution
		{23B55EDE-3FEF-4A22-87FD-6827644A95E4}.Debug|Any CPU.ActiveCfg = Debug|Any CPU
		{23B55EDE-3FEF-4A22-87FD-6827644A95E4}.Debug|Any CPU.Build.0 = Debug|Any CPU
		{23B55EDE-3FEF-4A22-87FD-6827644A95E4}.Release|Any CPU.ActiveCfg = Release|Any CPU
		{23B55EDE-3FEF-4A22-87FD-6827644A95E4}.Release|Any CPU.Build.0 = Release|Any CPU
	EndGlobalSection
EndGlobal
