{
  "requires": true,
  "lockfileVersion": 1,
  "dependencies": {
    "@ionic/core": {
      "version": "5.5.1",
      "resolved": "https://registry.npmjs.org/@ionic/core/-/core-5.5.1.tgz",
      "integrity": "sha512-ytsweRqFeupuVzMJydjh0w0RMjlI+GkHwXQ5SwVuto+cRxA9aKPkcxELzOWYRto3E00jbXFBThGhoL+jNUsK7g==",
      "requires": {
        "ionicons": "^5.1.2",
        "tslib": "^1.10.0"
      }
    },
    "ionicons": {
      "version": "5.2.3",
      "resolved": "https://registry.npmjs.org/ionicons/-/ionicons-5.2.3.tgz",
      "integrity": "sha512-87qtgBkieKVFagwYA9Cf91B3PCahQbEOMwMt8bSvlQSgflZ4eE5qI4MGj2ZlIyadeX0dgo+0CzZsy3ow0CsBAg=="
    },
    "tslib": {
      "version": "1.14.1",
      "resolved": "https://registry.npmjs.org/tslib/-/tslib-1.14.1.tgz",
      "integrity": "sha512-Xni35NKzjgMrwevysHTCArtLDpPvye8zV/0E4EyYn43P7/7qvQwPh9BGkHewbMulVntbigmcT7rdX3BNo9wRJg=="
    }
  }
}
